github.com/fsnotify/fsnotify v1.8.0 h1:dAwr6QBTBZIkG8roQaJjGof0pp0EeF+tNV7YBP3F/8M=
github.com/fsnotify/fsnotify v1.8.0/go.mod h1:8jBTzvmWwFyi3Pb8djgCCO5IBqzKJ/Jwo8TRcHyHii0=
github.com/icza/mpq v0.0.0-20170726141842-266342679beb/go.mod h1:iWOw+dZSITjPKFPiCNT7QE+xENOlT/YrBtMYkImipFo=
github.com/icza/mpq v0.0.0-20230330132843-d3cdc0b651b7 h1:uWfnpztXMlK2068Uuv23eGsFsQpORS0UxYosbhPCMsI=
github.com/icza/mpq v0.0.0-20230330132843-d3cdc0b651b7/go.mod h1:uZjJdSdZs2x2Gq+6/NdJE7nJ1upyftiNnw1ZMCFH+tc=
github.com/icza/s2prot v1.5.2-0.20241207072335-d0e305d1c9c8 h1:dX42iKZ/pURGBBb/f2CXjwAseqP4UKre/jiUPFz+1UU=
github.com/icza/s2prot v1.5.2-0.20241207072335-d0e305d1c9c8/go.mod h1:Aw3BgGOZ83Qkxmz90i22WFCMiDU4oOFT5D3hoDLBl3E=
golang.org/x/sys v0.31.0 h1:ioabZlmFYtWhL+TRYpcnNlLwhyxaM9kWTDEmfnprqik=
golang.org/x/sys v0.31.0/go.mod h1:BJP2sWEmIv4KK5OTEluFJCKSidICx8ciO85XgH3Ak8k=
