github.com/fsnotify/fsnotify v1.5.1 h1:mZcQUHVQUQWoPXXtuf9yuEXKudkV2sx1E06UadKWpgI=
github.com/fsnotify/fsnotify v1.5.1/go.mod h1:T3375wBYaZdLLcVNkcVbzGHY7f1l/uK5T5Ai1i3InKU=
github.com/icza/mpq v0.0.0-20170726141842-266342679beb/go.mod h1:iWOw+dZSITjPKFPiCNT7QE+xENOlT/YrBtMYkImipFo=
github.com/icza/mpq v0.0.0-20210726201956-250230d5a464 h1:Ne6gF0qR83fDnKvHXNX6vNy+f7JLmmZHFCo0nEBcos8=
github.com/icza/mpq v0.0.0-20210726201956-250230d5a464/go.mod h1:iWOw+dZSITjPKFPiCNT7QE+xENOlT/YrBtMYkImipFo=
github.com/icza/s2prot v1.4.1-0.20210726200307-0efacc710935 h1:B31+XvtqOK8P7uy8lu2BbHfghfHf+MisHR/gPXlHAFI=
github.com/icza/s2prot v1.4.1-0.20210726200307-0efacc710935/go.mod h1:Aw3BgGOZ83Qkxmz90i22WFCMiDU4oOFT5D3hoDLBl3E=
golang.org/x/sys v0.0.0-20210630005230-0f9fa26af87c h1:F1jZWGFhYfh0Ci55sIpILtKKK8p3i2/krTr0H1rg74I=
golang.org/x/sys v0.0.0-20210630005230-0f9fa26af87c/go.mod h1:oPkhp1MJrh7nUepCBck5+mAzfO9JrbApNNgaTdGDITg=
